
Microsoft Visual Studio Solution File, Format Version 12.00
# Visual Studio Version 16
VisualStudioVersion = 16.0.29728.190
MinimumVisualStudioVersion = 10.0.40219.1
Project("{8BC9CEB8-8B4A-11D0-8D11-00A0C91BC942}") = "WackyGrowthSivley", "WackyGrowthSivley\WackyGrowthSivley.vcxproj", "{6AE04302-640D-4A4D-A4F9-F84C295161AB}"
EndProject
Global
	GlobalSection(SolutionConfigurationPlatforms) = preSolution
		Debug|x64 = Debug|x64
		Debug|x86 = Debug|x86
		Release|x64 = Release|x64
		Release|x86 = Release|x86
	EndGlobalSection
	GlobalSection(ProjectConfigurationPlatforms) = postSolution
		{6AE04302-640D-4A4D-A4F9-F84C295161AB}.Debug|x64.ActiveCfg = Debug|x64
		{6AE04302-640D-4A4D-A4F9-F84C295161AB}.Debug|x64.Build.0 = Debug|x64
		{6AE04302-640D-4A4D-A4F9-F84C295161AB}.Debug|x86.ActiveCfg = Debug|Win32
		{6AE04302-640D-4A4D-A4F9-F84C295161AB}.Debug|x86.Build.0 = Debug|Win32
		{6AE04302-640D-4A4D-A4F9-F84C295161AB}.Release|x64.ActiveCfg = Release|x64
		{6AE04302-640D-4A4D-A4F9-F84C295161AB}.Release|x64.Build.0 = Release|x64
		{6AE04302-640D-4A4D-A4F9-F84C295161AB}.Release|x86.ActiveCfg = Release|Win32
		{6AE04302-640D-4A4D-A4F9-F84C295161AB}.Release|x86.Build.0 = Release|Win32
	EndGlobalSection
	GlobalSection(SolutionProperties) = preSolution
		HideSolutionNode = FALSE
	EndGlobalSection
	GlobalSection(ExtensibilityGlobals) = postSolution
		SolutionGuid = {38AB0035-7814-499B-BD5E-98DD8021DB38}
	EndGlobalSection
EndGlobal
