
Microsoft Visual Studio Solution File, Format Version 12.00
# Visual Studio Version 16
VisualStudioVersion = 16.0.29728.190
MinimumVisualStudioVersion = 10.0.40219.1
Project("{8BC9CEB8-8B4A-11D0-8D11-00A0C91BC942}") = "BubbaAdd", "BubbaAdd\BubbaAdd.vcxproj", "{19CFAB77-D30B-48D0-B001-661E872F9E06}"
EndProject
Global
	GlobalSection(SolutionConfigurationPlatforms) = preSolution
		Debug|x64 = Debug|x64
		Debug|x86 = Debug|x86
		Release|x64 = Release|x64
		Release|x86 = Release|x86
	EndGlobalSection
	GlobalSection(ProjectConfigurationPlatforms) = postSolution
		{19CFAB77-D30B-48D0-B001-661E872F9E06}.Debug|x64.ActiveCfg = Debug|x64
		{19CFAB77-D30B-48D0-B001-661E872F9E06}.Debug|x64.Build.0 = Debug|x64
		{19CFAB77-D30B-48D0-B001-661E872F9E06}.Debug|x86.ActiveCfg = Debug|Win32
		{19CFAB77-D30B-48D0-B001-661E872F9E06}.Debug|x86.Build.0 = Debug|Win32
		{19CFAB77-D30B-48D0-B001-661E872F9E06}.Release|x64.ActiveCfg = Release|x64
		{19CFAB77-D30B-48D0-B001-661E872F9E06}.Release|x64.Build.0 = Release|x64
		{19CFAB77-D30B-48D0-B001-661E872F9E06}.Release|x86.ActiveCfg = Release|Win32
		{19CFAB77-D30B-48D0-B001-661E872F9E06}.Release|x86.Build.0 = Release|Win32
	EndGlobalSection
	GlobalSection(SolutionProperties) = preSolution
		HideSolutionNode = FALSE
	EndGlobalSection
	GlobalSection(ExtensibilityGlobals) = postSolution
		SolutionGuid = {B90700DE-2A2D-4C63-B7AA-EEEC9463FD34}
	EndGlobalSection
EndGlobal
